{
  "name": "lists",
  "version": "1.0.0",
  "lockfileVersion": 2,
  "requires": true,
  "packages": {
    "": {
      "name": "lists",
      "version": "1.0.0",
      "license": "MIT",
      "dependencies": {
        "@node-steam/vdf": "2.2.0"
      }
    },
    "node_modules/@node-steam/vdf": {
      "version": "2.2.0",
      "resolved": "https://registry.npmjs.org/@node-steam/vdf/-/vdf-2.2.0.tgz",
      "integrity": "sha512-YCfIPsIpyrtOP5AdsarjPqjTElVFrXJlWedWNzjCaIeam06v9ebYgApRAcw9b93awNDboTEiHFMnCvlJJHqKcA==",
      "engines": {
        "node": ">=8.0.0"
      }
    }
  },
  "dependencies": {
    "@node-steam/vdf": {
      "version": "2.2.0",
      "resolved": "https://registry.npmjs.org/@node-steam/vdf/-/vdf-2.2.0.tgz",
      "integrity": "sha512-YCfIPsIpyrtOP5AdsarjPqjTElVFrXJlWedWNzjCaIeam06v9ebYgApRAcw9b93awNDboTEiHFMnCvlJJHqKcA=="
    }
  }
}
